
Microsoft Visual Studio Solution File, Format Version 12.00
# Visual Studio Version 17
VisualStudioVersion = 17.13.35825.156
MinimumVisualStudioVersion = 10.0.40219.1
Project("{FAE04EC0-301F-11D3-BF4B-00C04F79EFBC}") = "EmployeeTasksLib", "EmployeeTasksLib\EmployeeTasksLib.csproj", "{7D3DD376-F94E-4DBA-B22B-D2257DBBE784}"
EndProject
Project("{FAE04EC0-301F-11D3-BF4B-00C04F79EFBC}") = "EmployeeTasksHost", "EmployeeTasksHost\EmployeeTasksHost.csproj", "{1B5BE31A-A7A3-40B9-9FB7-1E6F0884211A}"
EndProject
Global
	GlobalSection(SolutionConfigurationPlatforms) = preSolution
		Debug|Any CPU = Debug|Any CPU
		Release|Any CPU = Release|Any CPU
	EndGlobalSection
	GlobalSection(ProjectConfigurationPlatforms) = postSolution
		{7D3DD376-F94E-4DBA-B22B-D2257DBBE784}.Debug|Any CPU.ActiveCfg = Debug|Any CPU
		{7D3DD376-F94E-4DBA-B22B-D2257DBBE784}.Debug|Any CPU.Build.0 = Debug|Any CPU
		{7D3DD376-F94E-4DBA-B22B-D2257DBBE784}.Release|Any CPU.ActiveCfg = Release|Any CPU
		{7D3DD376-F94E-4DBA-B22B-D2257DBBE784}.Release|Any CPU.Build.0 = Release|Any CPU
		{1B5BE31A-A7A3-40B9-9FB7-1E6F0884211A}.Debug|Any CPU.ActiveCfg = Debug|Any CPU
		{1B5BE31A-A7A3-40B9-9FB7-1E6F0884211A}.Debug|Any CPU.Build.0 = Debug|Any CPU
		{1B5BE31A-A7A3-40B9-9FB7-1E6F0884211A}.Release|Any CPU.ActiveCfg = Release|Any CPU
		{1B5BE31A-A7A3-40B9-9FB7-1E6F0884211A}.Release|Any CPU.Build.0 = Release|Any CPU
	EndGlobalSection
	GlobalSection(SolutionProperties) = preSolution
		HideSolutionNode = FALSE
	EndGlobalSection
	GlobalSection(ExtensibilityGlobals) = postSolution
		SolutionGuid = {BCCC4DE8-234B-4A43-97E6-16350C5D739F}
	EndGlobalSection
EndGlobal
